// !$*UTF8*$!
{
	archiveVersion = 1;
	classes = {
	};
	objectVersion = 77;
	objects = {

/* Begin PBXBuildFile section */
		4A95A0CF2DA1B1CD008D0DCC /* ZIPFoundation in Frameworks */ = {isa = PBXBuildFile; productRef = 4A95A0CE2DA1B1CD008D0DCC /* ZIPFoundation */; };
/* End PBXBuildFile section */

/* Begin PBXContainerItemProxy section */
		4A81CCA22D9D685A005BCDF2 /* PBXContainerItemProxy */ = {
			isa = PBXContainerItemProxy;
			containerPortal = 4A81CC8C2D9D6859005BCDF2 /* Project object */;
			proxyType = 1;
			remoteGlobalIDString = 4A81CC932D9D6859005BCDF2;
			remoteInfo = "K&S-App";
		};
		4A81CCAC2D9D685A005BCDF2 /* PBXContainerItemProxy */ = {
			isa = PBXContainerItemProxy;
			containerPortal = 4A81CC8C2D9D6859005BCDF2 /* Project object */;
			proxyType = 1;
			remoteGlobalIDString = 4A81CC932D9D6859005BCDF2;
			remoteInfo = "K&S-App";
		};
/* End PBXContainerItemProxy section */

/* Begin PBXFileReference section */
		4A81CC942D9D6859005BCDF2 /* K&S-App.app */ = {isa = PBXFileReference; explicitFileType = wrapper.application; includeInIndex = 0; path = "K&S-App.app"; sourceTree = BUILT_PRODUCTS_DIR; };
		4A81CCA12D9D685A005BCDF2 /* K&S-AppTests.xctest */ = {isa = PBXFileReference; explicitFileType = wrapper.cfbundle; includeInIndex = 0; path = "K&S-AppTests.xctest"; sourceTree = BUILT_PRODUCTS_DIR; };
		4A81CCAB2D9D685A005BCDF2 /* K&S-AppUITests.xctest */ = {isa = PBXFileReference; explicitFileType = wrapper.cfbundle; includeInIndex = 0; path = "K&S-AppUITests.xctest"; sourceTree = BUILT_PRODUCTS_DIR; };
/* End PBXFileReference section */

/* Begin PBXFileSystemSynchronizedRootGroup section */
		4A81CC962D9D6859005BCDF2 /* K&S-App */ = {
			isa = PBXFileSystemSynchronizedRootGroup;
			path = "K&S-App";
			sourceTree = "<group>";
		};
		4A81CCA42D9D685A005BCDF2 /* K&S-AppTests */ = {
			isa = PBXFileSystemSynchronizedRootGroup;
			path = "K&S-AppTests";
			sourceTree = "<group>";
		};
		4A81CCAE2D9D685A005BCDF2 /* K&S-AppUITests */ = {
			isa = PBXFileSystemSynchronizedRootGroup;
			path = "K&S-AppUITests";
			sourceTree = "<group>";
		};
/* End PBXFileSystemSynchronizedRootGroup section */

/* Begin PBXFrameworksBuildPhase section */
		4A81CC912D9D6859005BCDF2 /* Frameworks */ = {
			isa = PBXFrameworksBuildPhase;
			buildActionMask = 2147483647;
			files = (
				4A95A0CF2DA1B1CD008D0DCC /* ZIPFoundation in Frameworks */,
			);
			runOnlyForDeploymentPostprocessing = 0;
		};
		4A81CC9E2D9D685A005BCDF2 /* Frameworks */ = {
			isa = PBXFrameworksBuildPhase;
			buildActionMask = 2147483647;
			files = (
			);
			runOnlyForDeploymentPostprocessing = 0;
		};
		4A81CCA82D9D685A005BCDF2 /* Frameworks */ = {
			isa = PBXFrameworksBuildPhase;
			buildActionMask = 2147483647;
			files = (
			);
			runOnlyForDeploymentPostprocessing = 0;
		};
/* End PBXFrameworksBuildPhase section */

/* Begin PBXGroup section */
		4A81CC8B2D9D6859005BCDF2 = {
			isa = PBXGroup;
			children = (
				4A81CC962D9D6859005BCDF2 /* K&S-App */,
				4A81CCA42D9D685A005BCDF2 /* K&S-AppTests */,
				4A81CCAE2D9D685A005BCDF2 /* K&S-AppUITests */,
				4A81CC952D9D6859005BCDF2 /* Products */,
			);
			sourceTree = "<group>";
		};
		4A81CC952D9D6859005BCDF2 /* Products */ = {
			isa = PBXGroup;
			children = (
				4A81CC942D9D6859005BCDF2 /* K&S-App.app */,
				4A81CCA12D9D685A005BCDF2 /* K&S-AppTests.xctest */,
				4A81CCAB2D9D685A005BCDF2 /* K&S-AppUITests.xctest */,
			);
			name = Products;
			sourceTree = "<group>";
		};
/* End PBXGroup section */

/* Begin PBXNativeTarget section */
		4A81CC932D9D6859005BCDF2 /* K&S-App */ = {
			isa = PBXNativeTarget;
			buildConfigurationList = 4A81CCB52D9D685A005BCDF2 /* Build configuration list for PBXNativeTarget "K&S-App" */;
			buildPhases = (
				4A81CC902D9D6859005BCDF2 /* Sources */,
				4A81CC912D9D6859005BCDF2 /* Frameworks */,
				4A81CC922D9D6859005BCDF2 /* Resources */,
			);
			buildRules = (
			);
			dependencies = (
			);
			fileSystemSynchronizedGroups = (
				4A81CC962D9D6859005BCDF2 /* K&S-App */,
			);
			name = "K&S-App";
			packageProductDependencies = (
				4A95A0CE2DA1B1CD008D0DCC /* ZIPFoundation */,
			);
			productName = "K&S-App";
			productReference = 4A81CC942D9D6859005BCDF2 /* K&S-App.app */;
			productType = "com.apple.product-type.application";
		};
		4A81CCA02D9D685A005BCDF2 /* K&S-AppTests */ = {
			isa = PBXNativeTarget;
			buildConfigurationList = 4A81CCB82D9D685A005BCDF2 /* Build configuration list for PBXNativeTarget "K&S-AppTests" */;
			buildPhases = (
				4A81CC9D2D9D685A005BCDF2 /* Sources */,
				4A81CC9E2D9D685A005BCDF2 /* Frameworks */,
				4A81CC9F2D9D685A005BCDF2 /* Resources */,
			);
			buildRules = (
			);
			dependencies = (
				4A81CCA32D9D685A005BCDF2 /* PBXTargetDependency */,
			);
			fileSystemSynchronizedGroups = (
				4A81CCA42D9D685A005BCDF2 /* K&S-AppTests */,
			);
			name = "K&S-AppTests";
			packageProductDependencies = (
			);
			productName = "K&S-AppTests";
			productReference = 4A81CCA12D9D685A005BCDF2 /* K&S-AppTests.xctest */;
			productType = "com.apple.product-type.bundle.unit-test";
		};
		4A81CCAA2D9D685A005BCDF2 /* K&S-AppUITests */ = {
			isa = PBXNativeTarget;
			buildConfigurationList = 4A81CCBB2D9D685A005BCDF2 /* Build configuration list for PBXNativeTarget "K&S-AppUITests" */;
			buildPhases = (
				4A81CCA72D9D685A005BCDF2 /* Sources */,
				4A81CCA82D9D685A005BCDF2 /* Frameworks */,
				4A81CCA92D9D685A005BCDF2 /* Resources */,
			);
			buildRules = (
			);
			dependencies = (
				4A81CCAD2D9D685A005BCDF2 /* PBXTargetDependency */,
			);
			fileSystemSynchronizedGroups = (
				4A81CCAE2D9D685A005BCDF2 /* K&S-AppUITests */,
			);
			name = "K&S-AppUITests";
			packageProductDependencies = (
			);
			productName = "K&S-AppUITests";
			productReference = 4A81CCAB2D9D685A005BCDF2 /* K&S-AppUITests.xctest */;
			productType = "com.apple.product-type.bundle.ui-testing";
		};
/* End PBXNativeTarget section */

/* Begin PBXProject section */
		4A81CC8C2D9D6859005BCDF2 /* Project object */ = {
			isa = PBXProject;
			attributes = {
				BuildIndependentTargetsInParallel = 1;
				LastSwiftUpdateCheck = 1630;
				LastUpgradeCheck = 1630;
				TargetAttributes = {
					4A81CC932D9D6859005BCDF2 = {
						CreatedOnToolsVersion = 16.3;
					};
					4A81CCA02D9D685A005BCDF2 = {
						CreatedOnToolsVersion = 16.3;
						TestTargetID = 4A81CC932D9D6859005BCDF2;
					};
					4A81CCAA2D9D685A005BCDF2 = {
						CreatedOnToolsVersion = 16.3;
						TestTargetID = 4A81CC932D9D6859005BCDF2;
					};
				};
			};
			buildConfigurationList = 4A81CC8F2D9D6859005BCDF2 /* Build configuration list for PBXProject "K&S-App" */;
			developmentRegion = en;
			hasScannedForEncodings = 0;
			knownRegions = (
				en,
				Base,
			);
			mainGroup = 4A81CC8B2D9D6859005BCDF2;
			minimizedProjectReferenceProxies = 1;
			packageReferences = (
				4A95A0CD2DA1B162008D0DCC /* XCRemoteSwiftPackageReference "ZIPFoundation" */,
			);
			preferredProjectObjectVersion = 77;
			productRefGroup = 4A81CC952D9D6859005BCDF2 /* Products */;
			projectDirPath = "";
			projectRoot = "";
			targets = (
				4A81CC932D9D6859005BCDF2 /* K&S-App */,
				4A81CCA02D9D685A005BCDF2 /* K&S-AppTests */,
				4A81CCAA2D9D685A005BCDF2 /* K&S-AppUITests */,
			);
		};
/* End PBXProject section */

/* Begin PBXResourcesBuildPhase section */
		4A81CC922D9D6859005BCDF2 /* Resources */ = {
			isa = PBXResourcesBuildPhase;
			buildActionMask = 2147483647;
			files = (
			);
			runOnlyForDeploymentPostprocessing = 0;
		};
		4A81CC9F2D9D685A005BCDF2 /* Resources */ = {
			isa = PBXResourcesBuildPhase;
			buildActionMask = 2147483647;
			files = (
			);
			runOnlyForDeploymentPostprocessing = 0;
		};
		4A81CCA92D9D685A005BCDF2 /* Resources */ = {
			isa = PBXResourcesBuildPhase;
			buildActionMask = 2147483647;
			files = (
			);
			runOnlyForDeploymentPostprocessing = 0;
		};
/* End PBXResourcesBuildPhase section */

/* Begin PBXSourcesBuildPhase section */
		4A81CC902D9D6859005BCDF2 /* Sources */ = {
			isa = PBXSourcesBuildPhase;
			buildActionMask = 2147483647;
			files = (
			);
			runOnlyForDeploymentPostprocessing = 0;
		};
		4A81CC9D2D9D685A005BCDF2 /* Sources */ = {
			isa = PBXSourcesBuildPhase;
			buildActionMask = 2147483647;
			files = (
			);
			runOnlyForDeploymentPostprocessing = 0;
		};
		4A81CCA72D9D685A005BCDF2 /* Sources */ = {
			isa = PBXSourcesBuildPhase;
			buildActionMask = 2147483647;
			files = (
			);
			runOnlyForDeploymentPostprocessing = 0;
		};
/* End PBXSourcesBuildPhase section */

/* Begin PBXTargetDependency section */
		4A81CCA32D9D685A005BCDF2 /* PBXTargetDependency */ = {
			isa = PBXTargetDependency;
			target = 4A81CC932D9D6859005BCDF2 /* K&S-App */;
			targetProxy = 4A81CCA22D9D685A005BCDF2 /* PBXContainerItemProxy */;
		};
		4A81CCAD2D9D685A005BCDF2 /* PBXTargetDependency */ = {
			isa = PBXTargetDependency;
			target = 4A81CC932D9D6859005BCDF2 /* K&S-App */;
			targetProxy = 4A81CCAC2D9D685A005BCDF2 /* PBXContainerItemProxy */;
		};
/* End PBXTargetDependency section */

/* Begin XCBuildConfiguration section */
		4A81CCB32D9D685A005BCDF2 /* Debug */ = {
			isa = XCBuildConfiguration;
			buildSettings = {
				ALWAYS_SEARCH_USER_PATHS = NO;
				ASSETCATALOG_COMPILER_GENERATE_SWIFT_ASSET_SYMBOL_EXTENSIONS = YES;
				CLANG_ANALYZER_NONNULL = YES;
				CLANG_ANALYZER_NUMBER_OBJECT_CONVERSION = YES_AGGRESSIVE;
				CLANG_CXX_LANGUAGE_STANDARD = "gnu++20";
				CLANG_ENABLE_MODULES = YES;
				CLANG_ENABLE_OBJC_ARC = YES;
				CLANG_ENABLE_OBJC_WEAK = YES;
				CLANG_WARN_BLOCK_CAPTURE_AUTORELEASING = YES;
				CLANG_WARN_BOOL_CONVERSION = YES;
				CLANG_WARN_COMMA = YES;
				CLANG_WARN_CONSTANT_CONVERSION = YES;
				CLANG_WARN_DEPRECATED_OBJC_IMPLEMENTATIONS = YES;
				CLANG_WARN_DIRECT_OBJC_ISA_USAGE = YES_ERROR;
				CLANG_WARN_DOCUMENTATION_COMMENTS = YES;
				CLANG_WARN_EMPTY_BODY = YES;
				CLANG_WARN_ENUM_CONVERSION = YES;
				CLANG_WARN_INFINITE_RECURSION = YES;
				CLANG_WARN_INT_CONVERSION = YES;
				CLANG_WARN_NON_LITERAL_NULL_CONVERSION = YES;
				CLANG_WARN_OBJC_IMPLICIT_RETAIN_SELF = YES;
				CLANG_WARN_OBJC_LITERAL_CONVERSION = YES;
				CLANG_WARN_OBJC_ROOT_CLASS = YES_ERROR;
				CLANG_WARN_QUOTED_INCLUDE_IN_FRAMEWORK_HEADER = YES;
				CLANG_WARN_RANGE_LOOP_ANALYSIS = YES;
				CLANG_WARN_STRICT_PROTOTYPES = YES;
				CLANG_WARN_SUSPICIOUS_MOVE = YES;
				CLANG_WARN_UNGUARDED_AVAILABILITY = YES_AGGRESSIVE;
				CLANG_WARN_UNREACHABLE_CODE = YES;
				CLANG_WARN__DUPLICATE_METHOD_MATCH = YES;
				COPY_PHASE_STRIP = NO;
				DEBUG_INFORMATION_FORMAT = dwarf;
				DEVELOPMENT_TEAM = 2YAD6CM8CX;
				ENABLE_STRICT_OBJC_MSGSEND = YES;
				ENABLE_TESTABILITY = YES;
				ENABLE_USER_SCRIPT_SANDBOXING = YES;
				GCC_C_LANGUAGE_STANDARD = gnu17;
				GCC_DYNAMIC_NO_PIC = NO;
				GCC_NO_COMMON_BLOCKS = YES;
				GCC_OPTIMIZATION_LEVEL = 0;
				GCC_PREPROCESSOR_DEFINITIONS = (
					"DEBUG=1",
					"$(inherited)",
				);
				GCC_WARN_64_TO_32_BIT_CONVERSION = YES;
				GCC_WARN_ABOUT_RETURN_TYPE = YES_ERROR;
				GCC_WARN_UNDECLARED_SELECTOR = YES;
				GCC_WARN_UNINITIALIZED_AUTOS = YES_AGGRESSIVE;
				GCC_WARN_UNUSED_FUNCTION = YES;
				GCC_WARN_UNUSED_VARIABLE = YES;
				IPHONEOS_DEPLOYMENT_TARGET = 18.4;
				LOCALIZATION_PREFERS_STRING_CATALOGS = YES;
				MTL_ENABLE_DEBUG_INFO = INCLUDE_SOURCE;
				MTL_FAST_MATH = YES;
				ONLY_ACTIVE_ARCH = YES;
				SDKROOT = iphoneos;
				SWIFT_ACTIVE_COMPILATION_CONDITIONS = "DEBUG $(inherited)";
				SWIFT_OPTIMIZATION_LEVEL = "-Onone";
			};
			name = Debug;
		};
		4A81CCB42D9D685A005BCDF2 /* Release */ = {
			isa = XCBuildConfiguration;
			buildSettings = {
				ALWAYS_SEARCH_USER_PATHS = NO;
				ASSETCATALOG_COMPILER_GENERATE_SWIFT_ASSET_SYMBOL_EXTENSIONS = YES;
				CLANG_ANALYZER_NONNULL = YES;
				CLANG_ANALYZER_NUMBER_OBJECT_CONVERSION = YES_AGGRESSIVE;
				CLANG_CXX_LANGUAGE_STANDARD = "gnu++20";
				CLANG_ENABLE_MODULES = YES;
				CLANG_ENABLE_OBJC_ARC = YES;
				CLANG_ENABLE_OBJC_WEAK = YES;
				CLANG_WARN_BLOCK_CAPTURE_AUTORELEASING = YES;
				CLANG_WARN_BOOL_CONVERSION = YES;
				CLANG_WARN_COMMA = YES;
				CLANG_WARN_CONSTANT_CONVERSION = YES;
				CLANG_WARN_DEPRECATED_OBJC_IMPLEMENTATIONS = YES;
				CLANG_WARN_DIRECT_OBJC_ISA_USAGE = YES_ERROR;
				CLANG_WARN_DOCUMENTATION_COMMENTS = YES;
				CLANG_WARN_EMPTY_BODY = YES;
				CLANG_WARN_ENUM_CONVERSION = YES;
				CLANG_WARN_INFINITE_RECURSION = YES;
				CLANG_WARN_INT_CONVERSION = YES;
				CLANG_WARN_NON_LITERAL_NULL_CONVERSION = YES;
				CLANG_WARN_OBJC_IMPLICIT_RETAIN_SELF = YES;
				CLANG_WARN_OBJC_LITERAL_CONVERSION = YES;
				CLANG_WARN_OBJC_ROOT_CLASS = YES_ERROR;
				CLANG_WARN_QUOTED_INCLUDE_IN_FRAMEWORK_HEADER = YES;
				CLANG_WARN_RANGE_LOOP_ANALYSIS = YES;
				CLANG_WARN_STRICT_PROTOTYPES = YES;
				CLANG_WARN_SUSPICIOUS_MOVE = YES;
				CLANG_WARN_UNGUARDED_AVAILABILITY = YES_AGGRESSIVE;
				CLANG_WARN_UNREACHABLE_CODE = YES;
				CLANG_WARN__DUPLICATE_METHOD_MATCH = YES;
				COPY_PHASE_STRIP = NO;
				DEBUG_INFORMATION_FORMAT = "dwarf-with-dsym";
				DEVELOPMENT_TEAM = 2YAD6CM8CX;
				ENABLE_NS_ASSERTIONS = NO;
				ENABLE_STRICT_OBJC_MSGSEND = YES;
				ENABLE_USER_SCRIPT_SANDBOXING = YES;
				GCC_C_LANGUAGE_STANDARD = gnu17;
				GCC_NO_COMMON_BLOCKS = YES;
				GCC_WARN_64_TO_32_BIT_CONVERSION = YES;
				GCC_WARN_ABOUT_RETURN_TYPE = YES_ERROR;
				GCC_WARN_UNDECLARED_SELECTOR = YES;
				GCC_WARN_UNINITIALIZED_AUTOS = YES_AGGRESSIVE;
				GCC_WARN_UNUSED_FUNCTION = YES;
				GCC_WARN_UNUSED_VARIABLE = YES;
				IPHONEOS_DEPLOYMENT_TARGET = 18.4;
				LOCALIZATION_PREFERS_STRING_CATALOGS = YES;
				MTL_ENABLE_DEBUG_INFO = NO;
				MTL_FAST_MATH = YES;
				SDKROOT = iphoneos;
				SWIFT_COMPILATION_MODE = wholemodule;
				VALIDATE_PRODUCT = YES;
			};
			name = Release;
		};
		4A81CCB62D9D685A005BCDF2 /* Debug */ = {
			isa = XCBuildConfiguration;
			buildSettings = {
				ASSETCATALOG_COMPILER_APPICON_NAME = AppIcon;
				ASSETCATALOG_COMPILER_GLOBAL_ACCENT_COLOR_NAME = AccentColor;
				ASSETCATALOG_COMPILER_INCLUDE_ALL_APPICON_ASSETS = YES;
				CODE_SIGN_STYLE = Automatic;
				CURRENT_PROJECT_VERSION = 1;
				DEVELOPMENT_TEAM = 2YAD6CM8CX;
				ENABLE_PREVIEWS = YES;
				GENERATE_INFOPLIST_FILE = YES;
				INFOPLIST_FILE = "K-S-App-Info.plist";
				INFOPLIST_KEY_NSCameraUsageDescription = "Die Kamera wird benötigt, um Fotos zu Checklistenpunkten hinzuzufügen.";
				INFOPLIST_KEY_NSPhotoLibraryAddUsageDescription = "Zum Speichern von Fotos zu Checklistenpunkten in Ihrer Mediathek.";
				INFOPLIST_KEY_UIApplicationSceneManifest_Generation = YES;
				INFOPLIST_KEY_UIApplicationSupportsIndirectInputEvents = YES;
				INFOPLIST_KEY_UILaunchScreen_Generation = YES;
				INFOPLIST_KEY_UIStatusBarStyle = UIStatusBarStyleLightContent;
				INFOPLIST_KEY_UISupportedInterfaceOrientations = UIInterfaceOrientationPortrait;
				INFOPLIST_KEY_UISupportedInterfaceOrientations_iPad = "UIInterfaceOrientationLandscapeLeft UIInterfaceOrientationLandscapeRight UIInterfaceOrientationPortrait UIInterfaceOrientationPortraitUpsideDown";
				LD_RUNPATH_SEARCH_PATHS = (
					"$(inherited)",
					"@executable_path/Frameworks",
				);
				MARKETING_VERSION = 1.0;
				PRODUCT_BUNDLE_IDENTIFIER = "mk.K-S";
				PRODUCT_NAME = "$(TARGET_NAME)";
				SWIFT_EMIT_LOC_STRINGS = YES;
				SWIFT_VERSION = 5.0;
				TARGETED_DEVICE_FAMILY = "1,2";
			};
			name = Debug;
		};
		4A81CCB72D9D685A005BCDF2 /* Release */ = {
			isa = XCBuildConfiguration;
			buildSettings = {
				ASSETCATALOG_COMPILER_APPICON_NAME = AppIcon;
				ASSETCATALOG_COMPILER_GLOBAL_ACCENT_COLOR_NAME = AccentColor;
				ASSETCATALOG_COMPILER_INCLUDE_ALL_APPICON_ASSETS = YES;
				CODE_SIGN_STYLE = Automatic;
				CURRENT_PROJECT_VERSION = 1;
				DEVELOPMENT_TEAM = 2YAD6CM8CX;
				ENABLE_PREVIEWS = YES;
				GENERATE_INFOPLIST_FILE = YES;
				INFOPLIST_FILE = "K-S-App-Info.plist";
				INFOPLIST_KEY_NSCameraUsageDescription = "Die Kamera wird benötigt, um Fotos zu Checklistenpunkten hinzuzufügen.";
				INFOPLIST_KEY_NSPhotoLibraryAddUsageDescription = "Zum Speichern von Fotos zu Checklistenpunkten in Ihrer Mediathek.";
				INFOPLIST_KEY_UIApplicationSceneManifest_Generation = YES;
				INFOPLIST_KEY_UIApplicationSupportsIndirectInputEvents = YES;
				INFOPLIST_KEY_UILaunchScreen_Generation = YES;
				INFOPLIST_KEY_UIStatusBarStyle = UIStatusBarStyleLightContent;
				INFOPLIST_KEY_UISupportedInterfaceOrientations = UIInterfaceOrientationPortrait;
				INFOPLIST_KEY_UISupportedInterfaceOrientations_iPad = "UIInterfaceOrientationLandscapeLeft UIInterfaceOrientationLandscapeRight UIInterfaceOrientationPortrait UIInterfaceOrientationPortraitUpsideDown";
				LD_RUNPATH_SEARCH_PATHS = (
					"$(inherited)",
					"@executable_path/Frameworks",
				);
				MARKETING_VERSION = 1.0;
				PRODUCT_BUNDLE_IDENTIFIER = "mk.K-S";
				PRODUCT_NAME = "$(TARGET_NAME)";
				SWIFT_EMIT_LOC_STRINGS = YES;
				SWIFT_VERSION = 5.0;
				TARGETED_DEVICE_FAMILY = "1,2";
			};
			name = Release;
		};
		4A81CCB92D9D685A005BCDF2 /* Debug */ = {
			isa = XCBuildConfiguration;
			buildSettings = {
				BUNDLE_LOADER = "$(TEST_HOST)";
				CODE_SIGN_STYLE = Automatic;
				CURRENT_PROJECT_VERSION = 1;
				DEVELOPMENT_TEAM = 2YAD6CM8CX;
				GENERATE_INFOPLIST_FILE = YES;
				IPHONEOS_DEPLOYMENT_TARGET = 18.4;
				MARKETING_VERSION = 1.0;
				PRODUCT_BUNDLE_IDENTIFIER = "mk.K-S-AppTests";
				PRODUCT_NAME = "$(TARGET_NAME)";
				SWIFT_EMIT_LOC_STRINGS = NO;
				SWIFT_VERSION = 5.0;
				TARGETED_DEVICE_FAMILY = "1,2";
				TEST_HOST = "$(BUILT_PRODUCTS_DIR)/K&S-App.app/$(BUNDLE_EXECUTABLE_FOLDER_PATH)/K&S-App";
			};
			name = Debug;
		};
		4A81CCBA2D9D685A005BCDF2 /* Release */ = {
			isa = XCBuildConfiguration;
			buildSettings = {
				BUNDLE_LOADER = "$(TEST_HOST)";
				CODE_SIGN_STYLE = Automatic;
				CURRENT_PROJECT_VERSION = 1;
				DEVELOPMENT_TEAM = 2YAD6CM8CX;
				GENERATE_INFOPLIST_FILE = YES;
				IPHONEOS_DEPLOYMENT_TARGET = 18.4;
				MARKETING_VERSION = 1.0;
				PRODUCT_BUNDLE_IDENTIFIER = "mk.K-S-AppTests";
				PRODUCT_NAME = "$(TARGET_NAME)";
				SWIFT_EMIT_LOC_STRINGS = NO;
				SWIFT_VERSION = 5.0;
				TARGETED_DEVICE_FAMILY = "1,2";
				TEST_HOST = "$(BUILT_PRODUCTS_DIR)/K&S-App.app/$(BUNDLE_EXECUTABLE_FOLDER_PATH)/K&S-App";
			};
			name = Release;
		};
		4A81CCBC2D9D685A005BCDF2 /* Debug */ = {
			isa = XCBuildConfiguration;
			buildSettings = {
				CODE_SIGN_STYLE = Automatic;
				CURRENT_PROJECT_VERSION = 1;
				DEVELOPMENT_TEAM = 2YAD6CM8CX;
				GENERATE_INFOPLIST_FILE = YES;
				MARKETING_VERSION = 1.0;
				PRODUCT_BUNDLE_IDENTIFIER = "mk.K-S-AppUITests";
				PRODUCT_NAME = "$(TARGET_NAME)";
				SWIFT_EMIT_LOC_STRINGS = NO;
				SWIFT_VERSION = 5.0;
				TARGETED_DEVICE_FAMILY = "1,2";
				TEST_TARGET_NAME = "K&S-App";
			};
			name = Debug;
		};
		4A81CCBD2D9D685A005BCDF2 /* Release */ = {
			isa = XCBuildConfiguration;
			buildSettings = {
				CODE_SIGN_STYLE = Automatic;
				CURRENT_PROJECT_VERSION = 1;
				DEVELOPMENT_TEAM = 2YAD6CM8CX;
				GENERATE_INFOPLIST_FILE = YES;
				MARKETING_VERSION = 1.0;
				PRODUCT_BUNDLE_IDENTIFIER = "mk.K-S-AppUITests";
				PRODUCT_NAME = "$(TARGET_NAME)";
				SWIFT_EMIT_LOC_STRINGS = NO;
				SWIFT_VERSION = 5.0;
				TARGETED_DEVICE_FAMILY = "1,2";
				TEST_TARGET_NAME = "K&S-App";
			};
			name = Release;
		};
/* End XCBuildConfiguration section */

/* Begin XCConfigurationList section */
		4A81CC8F2D9D6859005BCDF2 /* Build configuration list for PBXProject "K&S-App" */ = {
			isa = XCConfigurationList;
			buildConfigurations = (
				4A81CCB32D9D685A005BCDF2 /* Debug */,
				4A81CCB42D9D685A005BCDF2 /* Release */,
			);
			defaultConfigurationIsVisible = 0;
			defaultConfigurationName = Release;
		};
		4A81CCB52D9D685A005BCDF2 /* Build configuration list for PBXNativeTarget "K&S-App" */ = {
			isa = XCConfigurationList;
			buildConfigurations = (
				4A81CCB62D9D685A005BCDF2 /* Debug */,
				4A81CCB72D9D685A005BCDF2 /* Release */,
			);
			defaultConfigurationIsVisible = 0;
			defaultConfigurationName = Release;
		};
		4A81CCB82D9D685A005BCDF2 /* Build configuration list for PBXNativeTarget "K&S-AppTests" */ = {
			isa = XCConfigurationList;
			buildConfigurations = (
				4A81CCB92D9D685A005BCDF2 /* Debug */,
				4A81CCBA2D9D685A005BCDF2 /* Release */,
			);
			defaultConfigurationIsVisible = 0;
			defaultConfigurationName = Release;
		};
		4A81CCBB2D9D685A005BCDF2 /* Build configuration list for PBXNativeTarget "K&S-AppUITests" */ = {
			isa = XCConfigurationList;
			buildConfigurations = (
				4A81CCBC2D9D685A005BCDF2 /* Debug */,
				4A81CCBD2D9D685A005BCDF2 /* Release */,
			);
			defaultConfigurationIsVisible = 0;
			defaultConfigurationName = Release;
		};
/* End XCConfigurationList section */

/* Begin XCRemoteSwiftPackageReference section */
		4A95A0CD2DA1B162008D0DCC /* XCRemoteSwiftPackageReference "ZIPFoundation" */ = {
			isa = XCRemoteSwiftPackageReference;
			repositoryURL = "https://github.com/weichsel/ZIPFoundation";
			requirement = {
				kind = upToNextMajorVersion;
				minimumVersion = 0.9.19;
			};
		};
/* End XCRemoteSwiftPackageReference section */

/* Begin XCSwiftPackageProductDependency section */
		4A95A0CE2DA1B1CD008D0DCC /* ZIPFoundation */ = {
			isa = XCSwiftPackageProductDependency;
			package = 4A95A0CD2DA1B162008D0DCC /* XCRemoteSwiftPackageReference "ZIPFoundation" */;
			productName = ZIPFoundation;
		};
/* End XCSwiftPackageProductDependency section */
	};
	rootObject = 4A81CC8C2D9D6859005BCDF2 /* Project object */;
}
